<?xml version="1.0" encoding="UTF-8"?>
<!DOCTYPE plist PUBLIC "-//Apple//DTD PLIST 1.0//EN" "http://www.apple.com/DTDs/PropertyList-1.0.dtd">
<plist version="1.0">
<dict>
	<key>archiveVersion</key>
	<string>1</string>
	<key>classes</key>
	<dict/>
	<key>objectVersion</key>
	<string>46</string>
	<key>objects</key>
	<dict>
		<key>C147FBF51677C12F0035B373</key>
		<dict>
			<key>isa</key>
			<string>PBXFileReference</string>
			<key>lastKnownFileType</key>
			<string>image.png</string>
			<key>path</key>
			<string>Default-568h@2x.png</string>
			<key>sourceTree</key>
			<string>&lt;group&gt;</string>
		</dict>
		<key>C147FBF61677C12F0035B373</key>
		<dict>
			<key>fileRef</key>
			<string>C147FBF51677C12F0035B373</string>
			<key>isa</key>
			<string>PBXBuildFile</string>
		</dict>
		<key>C1C7B6531598429E007B2669</key>
		<dict>
			<key>children</key>
			<array>
				<string>C1C7B6681598429E007B2669</string>
				<string>C1C7B6611598429E007B2669</string>
				<string>C1C7B65F1598429E007B2669</string>
			</array>
			<key>isa</key>
			<string>PBXGroup</string>
			<key>sourceTree</key>
			<string>&lt;group&gt;</string>
		</dict>
		<key>C1C7B6551598429E007B2669</key>
		<dict>
			<key>attributes</key>
			<dict>
				<key>LastUpgradeCheck</key>
				<string>0450</string>
				<key>ORGANIZATIONNAME</key>
				<string>Georg Kitz</string>
			</dict>
			<key>buildConfigurationList</key>
			<string>C1C7B6581598429E007B2669</string>
			<key>compatibilityVersion</key>
			<string>Xcode 3.2</string>
			<key>developmentRegion</key>
			<string>English</string>
			<key>hasScannedForEncodings</key>
			<string>0</string>
			<key>isa</key>
			<string>PBXProject</string>
			<key>knownRegions</key>
			<array>
				<string>en</string>
			</array>
			<key>mainGroup</key>
			<string>C1C7B6531598429E007B2669</string>
			<key>productRefGroup</key>
			<string>C1C7B65F1598429E007B2669</string>
			<key>projectDirPath</key>
			<string></string>
			<key>projectReferences</key>
			<array/>
			<key>projectRoot</key>
			<string></string>
			<key>targets</key>
			<array>
				<string>C1C7B65D1598429E007B2669</string>
			</array>
		</dict>
		<key>C1C7B6581598429E007B2669</key>
		<dict>
			<key>buildConfigurations</key>
			<array>
				<string>C1C7B67D1598429E007B2669</string>
				<string>C1C7B67E1598429E007B2669</string>
			</array>
			<key>defaultConfigurationIsVisible</key>
			<string>0</string>
			<key>defaultConfigurationName</key>
			<string>Release</string>
			<key>isa</key>
			<string>XCConfigurationList</string>
		</dict>
		<key>C1C7B65A1598429E007B2669</key>
		<dict>
			<key>buildActionMask</key>
			<string>2147483647</string>
			<key>files</key>
			<array>
				<string>C1C7B6E515984465007B2669</string>
				<string>C1C7B6E615984465007B2669</string>
				<string>C1C7B6E715984465007B2669</string>
				<string>C1C7B6E815984465007B2669</string>
				<string>C1C7B6E41598445C007B2669</string>
				<string>C1C7B66F1598429E007B2669</string>
				<string>C1C7B6731598429E007B2669</string>
				<string>D696F4FA16111C28007802E6</string>
				<string>D6862A9216111C68005A5C5C</string>
			</array>
			<key>isa</key>
			<string>PBXSourcesBuildPhase</string>
			<key>runOnlyForDeploymentPostprocessing</key>
			<string>0</string>
		</dict>
		<key>C1C7B65B1598429E007B2669</key>
		<dict>
			<key>buildActionMask</key>
			<string>2147483647</string>
			<key>files</key>
			<array>
				<string>C1C7B6631598429E007B2669</string>
				<string>C1C7B6651598429E007B2669</string>
				<string>C1C7B6671598429E007B2669</string>
			</array>
			<key>isa</key>
			<string>PBXFrameworksBuildPhase</string>
			<key>runOnlyForDeploymentPostprocessing</key>
			<string>0</string>
		</dict>
		<key>C1C7B65C1598429E007B2669</key>
		<dict>
			<key>buildActionMask</key>
			<string>2147483647</string>
			<key>files</key>
			<array>
				<string>C1C7B66D1598429E007B2669</string>
				<string>C1C7B6791598429E007B2669</string>
				<string>C1C7B67C1598429E007B2669</string>
				<string>C1C7B6D815984313007B2669</string>
				<string>C1C7B6D915984313007B2669</string>
				<string>C1C7B6DA15984313007B2669</string>
				<string>C1C7B6DB15984313007B2669</string>
				<string>C1C7B6DC15984313007B2669</string>
				<string>C1C7B6DD15984313007B2669</string>
				<string>C1C7B6DE15984313007B2669</string>
				<string>C1C7B6DF15984313007B2669</string>
				<string>C1C7B6E315984338007B2669</string>
				<string>C147FBF61677C12F0035B373</string>
			</array>
			<key>isa</key>
			<string>PBXResourcesBuildPhase</string>
			<key>runOnlyForDeploymentPostprocessing</key>
			<string>0</string>
		</dict>
		<key>C1C7B65D1598429E007B2669</key>
		<dict>
			<key>buildConfigurationList</key>
			<string>C1C7B67F1598429E007B2669</string>
			<key>buildPhases</key>
			<array>
				<string>C1C7B65A1598429E007B2669</string>
				<string>C1C7B65B1598429E007B2669</string>
				<string>C1C7B65C1598429E007B2669</string>
			</array>
			<key>buildRules</key>
			<array/>
			<key>dependencies</key>
			<array/>
			<key>isa</key>
			<string>PBXNativeTarget</string>
			<key>name</key>
			<string>GKImagePicker</string>
			<key>productName</key>
			<string>GKImagePicker</string>
			<key>productReference</key>
			<string>C1C7B65E1598429E007B2669</string>
			<key>productType</key>
			<string>com.apple.product-type.application</string>
		</dict>
		<key>C1C7B65E1598429E007B2669</key>
		<dict>
			<key>explicitFileType</key>
			<string>wrapper.application</string>
			<key>includeInIndex</key>
			<string>0</string>
			<key>isa</key>
			<string>PBXFileReference</string>
			<key>path</key>
			<string>GKImagePicker.app</string>
			<key>sourceTree</key>
			<string>BUILT_PRODUCTS_DIR</string>
		</dict>
		<key>C1C7B65F1598429E007B2669</key>
		<dict>
			<key>children</key>
			<array>
				<string>C1C7B65E1598429E007B2669</string>
			</array>
			<key>isa</key>
			<string>PBXGroup</string>
			<key>name</key>
			<string>Products</string>
			<key>sourceTree</key>
			<string>&lt;group&gt;</string>
		</dict>
		<key>C1C7B6611598429E007B2669</key>
		<dict>
			<key>children</key>
			<array>
				<string>C1C7B6621598429E007B2669</string>
				<string>C1C7B6641598429E007B2669</string>
				<string>C1C7B6661598429E007B2669</string>
			</array>
			<key>isa</key>
			<string>PBXGroup</string>
			<key>name</key>
			<string>Frameworks</string>
			<key>sourceTree</key>
			<string>&lt;group&gt;</string>
		</dict>
		<key>C1C7B6621598429E007B2669</key>
		<dict>
			<key>isa</key>
			<string>PBXFileReference</string>
			<key>lastKnownFileType</key>
			<string>wrapper.framework</string>
			<key>name</key>
			<string>UIKit.framework</string>
			<key>path</key>
			<string>System/Library/Frameworks/UIKit.framework</string>
			<key>sourceTree</key>
			<string>SDKROOT</string>
		</dict>
		<key>C1C7B6631598429E007B2669</key>
		<dict>
			<key>fileRef</key>
			<string>C1C7B6621598429E007B2669</string>
			<key>isa</key>
			<string>PBXBuildFile</string>
		</dict>
		<key>C1C7B6641598429E007B2669</key>
		<dict>
			<key>isa</key>
			<string>PBXFileReference</string>
			<key>lastKnownFileType</key>
			<string>wrapper.framework</string>
			<key>name</key>
			<string>Foundation.framework</string>
			<key>path</key>
			<string>System/Library/Frameworks/Foundation.framework</string>
			<key>sourceTree</key>
			<string>SDKROOT</string>
		</dict>
		<key>C1C7B6651598429E007B2669</key>
		<dict>
			<key>fileRef</key>
			<string>C1C7B6641598429E007B2669</string>
			<key>isa</key>
			<string>PBXBuildFile</string>
		</dict>
		<key>C1C7B6661598429E007B2669</key>
		<dict>
			<key>isa</key>
			<string>PBXFileReference</string>
			<key>lastKnownFileType</key>
			<string>wrapper.framework</string>
			<key>name</key>
			<string>CoreGraphics.framework</string>
			<key>path</key>
			<string>System/Library/Frameworks/CoreGraphics.framework</string>
			<key>sourceTree</key>
			<string>SDKROOT</string>
		</dict>
		<key>C1C7B6671598429E007B2669</key>
		<dict>
			<key>fileRef</key>
			<string>C1C7B6661598429E007B2669</string>
			<key>isa</key>
			<string>PBXBuildFile</string>
		</dict>
		<key>C1C7B6681598429E007B2669</key>
		<dict>
			<key>children</key>
			<array>
				<string>C1C7B6C6159842EA007B2669</string>
				<string>C1C7B6711598429E007B2669</string>
				<string>C1C7B6721598429E007B2669</string>
				<string>C1C7B6E015984328007B2669</string>
				<string>C1C7B6E115984328007B2669</string>
				<string>C1C7B6771598429E007B2669</string>
				<string>C1C7B67A1598429E007B2669</string>
				<string>C1C7B6691598429E007B2669</string>
			</array>
			<key>isa</key>
			<string>PBXGroup</string>
			<key>path</key>
			<string>GKImagePicker</string>
			<key>sourceTree</key>
			<string>&lt;group&gt;</string>
		</dict>
		<key>C1C7B6691598429E007B2669</key>
		<dict>
			<key>children</key>
			<array>
				<string>C147FBF51677C12F0035B373</string>
				<string>C1C7B66A1598429E007B2669</string>
				<string>C1C7B66B1598429E007B2669</string>
				<string>C1C7B66E1598429E007B2669</string>
				<string>C1C7B6701598429E007B2669</string>
				<string>C1C7B6E215984338007B2669</string>
			</array>
			<key>isa</key>
			<string>PBXGroup</string>
			<key>name</key>
			<string>Supporting Files</string>
			<key>sourceTree</key>
			<string>&lt;group&gt;</string>
		</dict>
		<key>C1C7B66A1598429E007B2669</key>
		<dict>
			<key>isa</key>
			<string>PBXFileReference</string>
			<key>lastKnownFileType</key>
			<string>text.plist.xml</string>
			<key>path</key>
			<string>GKImagePicker-Info.plist</string>
			<key>sourceTree</key>
			<string>&lt;group&gt;</string>
		</dict>
		<key>C1C7B66B1598429E007B2669</key>
		<dict>
			<key>children</key>
			<array>
				<string>C1C7B66C1598429E007B2669</string>
			</array>
			<key>isa</key>
			<string>PBXVariantGroup</string>
			<key>name</key>
			<string>InfoPlist.strings</string>
			<key>sourceTree</key>
			<string>&lt;group&gt;</string>
		</dict>
		<key>C1C7B66C1598429E007B2669</key>
		<dict>
			<key>isa</key>
			<string>PBXFileReference</string>
			<key>lastKnownFileType</key>
			<string>text.plist.strings</string>
			<key>name</key>
			<string>en</string>
			<key>path</key>
			<string>en.lproj/InfoPlist.strings</string>
			<key>sourceTree</key>
			<string>&lt;group&gt;</string>
		</dict>
		<key>C1C7B66D1598429E007B2669</key>
		<dict>
			<key>fileRef</key>
			<string>C1C7B66B1598429E007B2669</string>
			<key>isa</key>
			<string>PBXBuildFile</string>
		</dict>
		<key>C1C7B66E1598429E007B2669</key>
		<dict>
			<key>isa</key>
			<string>PBXFileReference</string>
			<key>lastKnownFileType</key>
			<string>sourcecode.c.objc</string>
			<key>path</key>
			<string>main.m</string>
			<key>sourceTree</key>
			<string>&lt;group&gt;</string>
		</dict>
		<key>C1C7B66F1598429E007B2669</key>
		<dict>
			<key>fileRef</key>
			<string>C1C7B66E1598429E007B2669</string>
			<key>isa</key>
			<string>PBXBuildFile</string>
		</dict>
		<key>C1C7B6701598429E007B2669</key>
		<dict>
			<key>isa</key>
			<string>PBXFileReference</string>
			<key>lastKnownFileType</key>
			<string>sourcecode.c.h</string>
			<key>path</key>
			<string>GKImagePicker-Prefix.pch</string>
			<key>sourceTree</key>
			<string>&lt;group&gt;</string>
		</dict>
		<key>C1C7B6711598429E007B2669</key>
		<dict>
			<key>isa</key>
			<string>PBXFileReference</string>
			<key>lastKnownFileType</key>
			<string>sourcecode.c.h</string>
			<key>path</key>
			<string>AppDelegate.h</string>
			<key>sourceTree</key>
			<string>&lt;group&gt;</string>
		</dict>
		<key>C1C7B6721598429E007B2669</key>
		<dict>
			<key>isa</key>
			<string>PBXFileReference</string>
			<key>lastKnownFileType</key>
			<string>sourcecode.c.objc</string>
			<key>path</key>
			<string>AppDelegate.m</string>
			<key>sourceTree</key>
			<string>&lt;group&gt;</string>
		</dict>
		<key>C1C7B6731598429E007B2669</key>
		<dict>
			<key>fileRef</key>
			<string>C1C7B6721598429E007B2669</string>
			<key>isa</key>
			<string>PBXBuildFile</string>
		</dict>
		<key>C1C7B6771598429E007B2669</key>
		<dict>
			<key>children</key>
			<array>
				<string>C1C7B6781598429E007B2669</string>
			</array>
			<key>isa</key>
			<string>PBXVariantGroup</string>
			<key>name</key>
			<string>ViewController_iPhone.xib</string>
			<key>sourceTree</key>
			<string>&lt;group&gt;</string>
		</dict>
		<key>C1C7B6781598429E007B2669</key>
		<dict>
			<key>isa</key>
			<string>PBXFileReference</string>
			<key>lastKnownFileType</key>
			<string>file.xib</string>
			<key>name</key>
			<string>en</string>
			<key>path</key>
			<string>en.lproj/ViewController_iPhone.xib</string>
			<key>sourceTree</key>
			<string>&lt;group&gt;</string>
		</dict>
		<key>C1C7B6791598429E007B2669</key>
		<dict>
			<key>fileRef</key>
			<string>C1C7B6771598429E007B2669</string>
			<key>isa</key>
			<string>PBXBuildFile</string>
		</dict>
		<key>C1C7B67A1598429E007B2669</key>
		<dict>
			<key>children</key>
			<array>
				<string>C1C7B67B1598429E007B2669</string>
			</array>
			<key>isa</key>
			<string>PBXVariantGroup</string>
			<key>name</key>
			<string>ViewController_iPad.xib</string>
			<key>sourceTree</key>
			<string>&lt;group&gt;</string>
		</dict>
		<key>C1C7B67B1598429E007B2669</key>
		<dict>
			<key>isa</key>
			<string>PBXFileReference</string>
			<key>lastKnownFileType</key>
			<string>file.xib</string>
			<key>name</key>
			<string>en</string>
			<key>path</key>
			<string>en.lproj/ViewController_iPad.xib</string>
			<key>sourceTree</key>
			<string>&lt;group&gt;</string>
		</dict>
		<key>C1C7B67C1598429E007B2669</key>
		<dict>
			<key>fileRef</key>
			<string>C1C7B67A1598429E007B2669</string>
			<key>isa</key>
			<string>PBXBuildFile</string>
		</dict>
		<key>C1C7B67D1598429E007B2669</key>
		<dict>
			<key>buildSettings</key>
			<dict>
				<key>ALWAYS_SEARCH_USER_PATHS</key>
				<string>NO</string>
				<key>CLANG_CXX_LANGUAGE_STANDARD</key>
				<string>gnu++0x</string>
				<key>CLANG_ENABLE_OBJC_ARC</key>
				<string>YES</string>
				<key>CLANG_WARN__DUPLICATE_METHOD_MATCH</key>
				<string>YES</string>
				<key>CODE_SIGN_IDENTITY[sdk=iphoneos*]</key>
				<string>iPhone Developer</string>
				<key>COPY_PHASE_STRIP</key>
				<string>NO</string>
				<key>GCC_C_LANGUAGE_STANDARD</key>
				<string>gnu99</string>
				<key>GCC_DYNAMIC_NO_PIC</key>
				<string>NO</string>
				<key>GCC_OPTIMIZATION_LEVEL</key>
				<string>0</string>
				<key>GCC_PREPROCESSOR_DEFINITIONS</key>
				<array>
					<string>DEBUG=1</string>
					<string>$(inherited)</string>
				</array>
				<key>GCC_SYMBOLS_PRIVATE_EXTERN</key>
				<string>NO</string>
				<key>GCC_WARN_ABOUT_RETURN_TYPE</key>
				<string>YES</string>
				<key>GCC_WARN_UNINITIALIZED_AUTOS</key>
				<string>YES</string>
				<key>GCC_WARN_UNUSED_VARIABLE</key>
				<string>YES</string>
				<key>IPHONEOS_DEPLOYMENT_TARGET</key>
				<string>6.0</string>
				<key>SDKROOT</key>
				<string>iphoneos</string>
				<key>TARGETED_DEVICE_FAMILY</key>
				<string>1,2</string>
			</dict>
			<key>isa</key>
			<string>XCBuildConfiguration</string>
			<key>name</key>
			<string>Debug</string>
		</dict>
		<key>C1C7B67E1598429E007B2669</key>
		<dict>
			<key>buildSettings</key>
			<dict>
				<key>ALWAYS_SEARCH_USER_PATHS</key>
				<string>NO</string>
				<key>CLANG_CXX_LANGUAGE_STANDARD</key>
				<string>gnu++0x</string>
				<key>CLANG_ENABLE_OBJC_ARC</key>
				<string>YES</string>
				<key>CLANG_WARN__DUPLICATE_METHOD_MATCH</key>
				<string>YES</string>
				<key>CODE_SIGN_IDENTITY[sdk=iphoneos*]</key>
				<string>iPhone Developer</string>
				<key>COPY_PHASE_STRIP</key>
				<string>YES</string>
				<key>GCC_C_LANGUAGE_STANDARD</key>
				<string>gnu99</string>
				<key>GCC_WARN_ABOUT_RETURN_TYPE</key>
				<string>YES</string>
				<key>GCC_WARN_UNINITIALIZED_AUTOS</key>
				<string>YES</string>
				<key>GCC_WARN_UNUSED_VARIABLE</key>
				<string>YES</string>
				<key>IPHONEOS_DEPLOYMENT_TARGET</key>
				<string>6.0</string>
				<key>OTHER_CFLAGS</key>
				<string>-DNS_BLOCK_ASSERTIONS=1</string>
				<key>SDKROOT</key>
				<string>iphoneos</string>
				<key>TARGETED_DEVICE_FAMILY</key>
				<string>1,2</string>
				<key>VALIDATE_PRODUCT</key>
				<string>YES</string>
			</dict>
			<key>isa</key>
			<string>XCBuildConfiguration</string>
			<key>name</key>
			<string>Release</string>
		</dict>
		<key>C1C7B67F1598429E007B2669</key>
		<dict>
			<key>buildConfigurations</key>
			<array>
				<string>C1C7B6801598429E007B2669</string>
				<string>C1C7B6811598429E007B2669</string>
			</array>
			<key>defaultConfigurationIsVisible</key>
			<string>0</string>
			<key>defaultConfigurationName</key>
			<string>Release</string>
			<key>isa</key>
			<string>XCConfigurationList</string>
		</dict>
		<key>C1C7B6801598429E007B2669</key>
		<dict>
			<key>buildSettings</key>
			<dict>
				<key>GCC_PRECOMPILE_PREFIX_HEADER</key>
				<string>YES</string>
				<key>GCC_PREFIX_HEADER</key>
				<string>GKImagePicker/GKImagePicker-Prefix.pch</string>
				<key>INFOPLIST_FILE</key>
				<string>GKImagePicker/GKImagePicker-Info.plist</string>
				<key>IPHONEOS_DEPLOYMENT_TARGET</key>
				<string>5.0</string>
				<key>LIBRARY_SEARCH_PATHS</key>
				<array>
					<string>$(inherited)</string>
					<string>$(FRANK_LIBRARY_SEARCH_PATHS)</string>
				</array>
				<key>OTHER_LDFLAGS</key>
				<array>
					<string>$(inherited)</string>
					<string>$(FRANK_LDFLAGS)</string>
				</array>
				<key>PRODUCT_NAME</key>
				<string>$(TARGET_NAME)</string>
				<key>WRAPPER_EXTENSION</key>
				<string>app</string>
			</dict>
			<key>isa</key>
			<string>XCBuildConfiguration</string>
			<key>name</key>
			<string>Debug</string>
		</dict>
		<key>C1C7B6811598429E007B2669</key>
		<dict>
			<key>buildSettings</key>
			<dict>
				<key>GCC_PRECOMPILE_PREFIX_HEADER</key>
				<string>YES</string>
				<key>GCC_PREFIX_HEADER</key>
				<string>GKImagePicker/GKImagePicker-Prefix.pch</string>
				<key>INFOPLIST_FILE</key>
				<string>GKImagePicker/GKImagePicker-Info.plist</string>
				<key>IPHONEOS_DEPLOYMENT_TARGET</key>
				<string>5.0</string>
				<key>PRODUCT_NAME</key>
				<string>$(TARGET_NAME)</string>
				<key>WRAPPER_EXTENSION</key>
				<string>app</string>
			</dict>
			<key>isa</key>
			<string>XCBuildConfiguration</string>
			<key>name</key>
			<string>Release</string>
		</dict>
		<key>C1C7B6C6159842EA007B2669</key>
		<dict>
			<key>children</key>
			<array>
				<string>C1C7B6CF15984306007B2669</string>
				<string>C1C7B6C7159842F9007B2669</string>
				<string>C1C7B6C8159842F9007B2669</string>
				<string>C1C7B6C9159842F9007B2669</string>
				<string>C1C7B6CA159842F9007B2669</string>
				<string>C1C7B6CB159842F9007B2669</string>
				<string>C1C7B6CC159842F9007B2669</string>
				<string>C1C7B6CD159842F9007B2669</string>
				<string>C1C7B6CE159842F9007B2669</string>
				<string>D696F4F816111C28007802E6</string>
				<string>D696F4F916111C28007802E6</string>
				<string>D6862A9016111C68005A5C5C</string>
				<string>D6862A9116111C68005A5C5C</string>
			</array>
			<key>isa</key>
			<string>PBXGroup</string>
			<key>name</key>
			<string>Classes</string>
			<key>sourceTree</key>
			<string>&lt;group&gt;</string>
		</dict>
		<key>C1C7B6C7159842F9007B2669</key>
		<dict>
			<key>isa</key>
			<string>PBXFileReference</string>
			<key>lastKnownFileType</key>
			<string>sourcecode.c.h</string>
			<key>name</key>
			<string>GKImagePicker.h</string>
			<key>path</key>
			<string>../GKClasses/GKImagePicker.h</string>
			<key>sourceTree</key>
			<string>&lt;group&gt;</string>
		</dict>
		<key>C1C7B6C8159842F9007B2669</key>
		<dict>
			<key>isa</key>
			<string>PBXFileReference</string>
			<key>lastKnownFileType</key>
			<string>sourcecode.c.objc</string>
			<key>name</key>
			<string>GKImagePicker.m</string>
			<key>path</key>
			<string>../GKClasses/GKImagePicker.m</string>
			<key>sourceTree</key>
			<string>&lt;group&gt;</string>
		</dict>
		<key>C1C7B6C9159842F9007B2669</key>
		<dict>
			<key>isa</key>
			<string>PBXFileReference</string>
			<key>lastKnownFileType</key>
			<string>sourcecode.c.h</string>
			<key>name</key>
			<string>GKImageCropViewController.h</string>
			<key>path</key>
			<string>../GKClasses/GKImageCropViewController.h</string>
			<key>sourceTree</key>
			<string>&lt;group&gt;</string>
		</dict>
		<key>C1C7B6CA159842F9007B2669</key>
		<dict>
			<key>isa</key>
			<string>PBXFileReference</string>
			<key>lastKnownFileType</key>
			<string>sourcecode.c.objc</string>
			<key>name</key>
			<string>GKImageCropViewController.m</string>
			<key>path</key>
			<string>../GKClasses/GKImageCropViewController.m</string>
			<key>sourceTree</key>
			<string>&lt;group&gt;</string>
		</dict>
		<key>C1C7B6CB159842F9007B2669</key>
		<dict>
			<key>isa</key>
			<string>PBXFileReference</string>
			<key>lastKnownFileType</key>
			<string>sourcecode.c.h</string>
			<key>name</key>
			<string>GKImageCropView.h</string>
			<key>path</key>
			<string>../GKClasses/GKImageCropView.h</string>
			<key>sourceTree</key>
			<string>&lt;group&gt;</string>
		</dict>
		<key>C1C7B6CC159842F9007B2669</key>
		<dict>
			<key>isa</key>
			<string>PBXFileReference</string>
			<key>lastKnownFileType</key>
			<string>sourcecode.c.objc</string>
			<key>name</key>
			<string>GKImageCropView.m</string>
			<key>path</key>
			<string>../GKClasses/GKImageCropView.m</string>
			<key>sourceTree</key>
			<string>&lt;group&gt;</string>
		</dict>
		<key>C1C7B6CD159842F9007B2669</key>
		<dict>
			<key>isa</key>
			<string>PBXFileReference</string>
			<key>lastKnownFileType</key>
			<string>sourcecode.c.h</string>
			<key>name</key>
			<string>GKImageCropOverlayView.h</string>
			<key>path</key>
			<string>../GKClasses/GKImageCropOverlayView.h</string>
			<key>sourceTree</key>
			<string>&lt;group&gt;</string>
		</dict>
		<key>C1C7B6CE159842F9007B2669</key>
		<dict>
			<key>isa</key>
			<string>PBXFileReference</string>
			<key>lastKnownFileType</key>
			<string>sourcecode.c.objc</string>
			<key>name</key>
			<string>GKImageCropOverlayView.m</string>
			<key>path</key>
			<string>../GKClasses/GKImageCropOverlayView.m</string>
			<key>sourceTree</key>
			<string>&lt;group&gt;</string>
		</dict>
		<key>C1C7B6CF15984306007B2669</key>
		<dict>
			<key>children</key>
			<array>
				<string>C1C7B6D015984313007B2669</string>
				<string>C1C7B6D115984313007B2669</string>
				<string>C1C7B6D215984313007B2669</string>
				<string>C1C7B6D315984313007B2669</string>
				<string>C1C7B6D415984313007B2669</string>
				<string>C1C7B6D515984313007B2669</string>
				<string>C1C7B6D615984313007B2669</string>
				<string>C1C7B6D715984313007B2669</string>
			</array>
			<key>isa</key>
			<string>PBXGroup</string>
			<key>name</key>
			<string>Images</string>
			<key>sourceTree</key>
			<string>&lt;group&gt;</string>
		</dict>
		<key>C1C7B6D015984313007B2669</key>
		<dict>
			<key>isa</key>
			<string>PBXFileReference</string>
			<key>lastKnownFileType</key>
			<string>image.png</string>
			<key>name</key>
			<string>PLCameraSheetButton@2x.png</string>
			<key>path</key>
			<string>../GKImages/PLCameraSheetButton@2x.png</string>
			<key>sourceTree</key>
			<string>&lt;group&gt;</string>
		</dict>
		<key>C1C7B6D115984313007B2669</key>
		<dict>
			<key>isa</key>
			<string>PBXFileReference</string>
			<key>lastKnownFileType</key>
			<string>image.png</string>
			<key>name</key>
			<string>PLCameraSheetButtonPressed@2x.png</string>
			<key>path</key>
			<string>../GKImages/PLCameraSheetButtonPressed@2x.png</string>
			<key>sourceTree</key>
			<string>&lt;group&gt;</string>
		</dict>
		<key>C1C7B6D215984313007B2669</key>
		<dict>
			<key>isa</key>
			<string>PBXFileReference</string>
			<key>lastKnownFileType</key>
			<string>image.png</string>
			<key>name</key>
			<string>PLCameraSheetDoneButton@2x.png</string>
			<key>path</key>
			<string>../GKImages/PLCameraSheetDoneButton@2x.png</string>
			<key>sourceTree</key>
			<string>&lt;group&gt;</string>
		</dict>
		<key>C1C7B6D315984313007B2669</key>
		<dict>
			<key>isa</key>
			<string>PBXFileReference</string>
			<key>lastKnownFileType</key>
			<string>image.png</string>
			<key>name</key>
			<string>PLCameraSheetDoneButtonPressed@2x.png</string>
			<key>path</key>
			<string>../GKImages/PLCameraSheetDoneButtonPressed@2x.png</string>
			<key>sourceTree</key>
			<string>&lt;group&gt;</string>
		</dict>
		<key>C1C7B6D415984313007B2669</key>
		<dict>
			<key>isa</key>
			<string>PBXFileReference</string>
			<key>lastKnownFileType</key>
			<string>image.png</string>
			<key>name</key>
			<string>PLCameraSheetButton.png</string>
			<key>path</key>
			<string>../GKImages/PLCameraSheetButton.png</string>
			<key>sourceTree</key>
			<string>&lt;group&gt;</string>
		</dict>
		<key>C1C7B6D515984313007B2669</key>
		<dict>
			<key>isa</key>
			<string>PBXFileReference</string>
			<key>lastKnownFileType</key>
			<string>image.png</string>
			<key>name</key>
			<string>PLCameraSheetButtonPressed.png</string>
			<key>path</key>
			<string>../GKImages/PLCameraSheetButtonPressed.png</string>
			<key>sourceTree</key>
			<string>&lt;group&gt;</string>
		</dict>
		<key>C1C7B6D615984313007B2669</key>
		<dict>
			<key>isa</key>
			<string>PBXFileReference</string>
			<key>lastKnownFileType</key>
			<string>image.png</string>
			<key>name</key>
			<string>PLCameraSheetDoneButton.png</string>
			<key>path</key>
			<string>../GKImages/PLCameraSheetDoneButton.png</string>
			<key>sourceTree</key>
			<string>&lt;group&gt;</string>
		</dict>
		<key>C1C7B6D715984313007B2669</key>
		<dict>
			<key>isa</key>
			<string>PBXFileReference</string>
			<key>lastKnownFileType</key>
			<string>image.png</string>
			<key>name</key>
			<string>PLCameraSheetDoneButtonPressed.png</string>
			<key>path</key>
			<string>../GKImages/PLCameraSheetDoneButtonPressed.png</string>
			<key>sourceTree</key>
			<string>&lt;group&gt;</string>
		</dict>
		<key>C1C7B6D815984313007B2669</key>
		<dict>
			<key>fileRef</key>
			<string>C1C7B6D015984313007B2669</string>
			<key>isa</key>
			<string>PBXBuildFile</string>
		</dict>
		<key>C1C7B6D915984313007B2669</key>
		<dict>
			<key>fileRef</key>
			<string>C1C7B6D115984313007B2669</string>
			<key>isa</key>
			<string>PBXBuildFile</string>
		</dict>
		<key>C1C7B6DA15984313007B2669</key>
		<dict>
			<key>fileRef</key>
			<string>C1C7B6D215984313007B2669</string>
			<key>isa</key>
			<string>PBXBuildFile</string>
		</dict>
		<key>C1C7B6DB15984313007B2669</key>
		<dict>
			<key>fileRef</key>
			<string>C1C7B6D315984313007B2669</string>
			<key>isa</key>
			<string>PBXBuildFile</string>
		</dict>
		<key>C1C7B6DC15984313007B2669</key>
		<dict>
			<key>fileRef</key>
			<string>C1C7B6D415984313007B2669</string>
			<key>isa</key>
			<string>PBXBuildFile</string>
		</dict>
		<key>C1C7B6DD15984313007B2669</key>
		<dict>
			<key>fileRef</key>
			<string>C1C7B6D515984313007B2669</string>
			<key>isa</key>
			<string>PBXBuildFile</string>
		</dict>
		<key>C1C7B6DE15984313007B2669</key>
		<dict>
			<key>fileRef</key>
			<string>C1C7B6D615984313007B2669</string>
			<key>isa</key>
			<string>PBXBuildFile</string>
		</dict>
		<key>C1C7B6DF15984313007B2669</key>
		<dict>
			<key>fileRef</key>
			<string>C1C7B6D715984313007B2669</string>
			<key>isa</key>
			<string>PBXBuildFile</string>
		</dict>
		<key>C1C7B6E015984328007B2669</key>
		<dict>
			<key>isa</key>
			<string>PBXFileReference</string>
			<key>lastKnownFileType</key>
			<string>sourcecode.c.h</string>
			<key>path</key>
			<string>ViewController.h</string>
			<key>sourceTree</key>
			<string>&lt;group&gt;</string>
		</dict>
		<key>C1C7B6E115984328007B2669</key>
		<dict>
			<key>isa</key>
			<string>PBXFileReference</string>
			<key>lastKnownFileType</key>
			<string>sourcecode.c.objc</string>
			<key>path</key>
			<string>ViewController.m</string>
			<key>sourceTree</key>
			<string>&lt;group&gt;</string>
		</dict>
		<key>C1C7B6E215984338007B2669</key>
		<dict>
			<key>fileEncoding</key>
			<string>4</string>
			<key>isa</key>
			<string>PBXFileReference</string>
			<key>lastKnownFileType</key>
			<string>text.plist.strings</string>
			<key>path</key>
			<string>Localizable.strings</string>
			<key>sourceTree</key>
			<string>&lt;group&gt;</string>
		</dict>
		<key>C1C7B6E315984338007B2669</key>
		<dict>
			<key>fileRef</key>
			<string>C1C7B6E215984338007B2669</string>
			<key>isa</key>
			<string>PBXBuildFile</string>
		</dict>
		<key>C1C7B6E41598445C007B2669</key>
		<dict>
			<key>fileRef</key>
			<string>C1C7B6E115984328007B2669</string>
			<key>isa</key>
			<string>PBXBuildFile</string>
		</dict>
		<key>C1C7B6E515984465007B2669</key>
		<dict>
			<key>fileRef</key>
			<string>C1C7B6C8159842F9007B2669</string>
			<key>isa</key>
			<string>PBXBuildFile</string>
		</dict>
		<key>C1C7B6E615984465007B2669</key>
		<dict>
			<key>fileRef</key>
			<string>C1C7B6CA159842F9007B2669</string>
			<key>isa</key>
			<string>PBXBuildFile</string>
		</dict>
		<key>C1C7B6E715984465007B2669</key>
		<dict>
			<key>fileRef</key>
			<string>C1C7B6CC159842F9007B2669</string>
			<key>isa</key>
			<string>PBXBuildFile</string>
		</dict>
		<key>C1C7B6E815984465007B2669</key>
		<dict>
			<key>fileRef</key>
			<string>C1C7B6CE159842F9007B2669</string>
			<key>isa</key>
			<string>PBXBuildFile</string>
		</dict>
		<key>D6862A9016111C68005A5C5C</key>
		<dict>
			<key>fileEncoding</key>
			<string>4</string>
			<key>isa</key>
			<string>PBXFileReference</string>
			<key>lastKnownFileType</key>
			<string>sourcecode.c.h</string>
			<key>name</key>
			<string>GKResizeableCropOverlayView.h</string>
			<key>path</key>
			<string>GKClasses/GKResizeableCropOverlayView.h</string>
			<key>sourceTree</key>
			<string>SOURCE_ROOT</string>
		</dict>
		<key>D6862A9116111C68005A5C5C</key>
		<dict>
			<key>fileEncoding</key>
			<string>4</string>
			<key>isa</key>
			<string>PBXFileReference</string>
			<key>lastKnownFileType</key>
			<string>sourcecode.c.objc</string>
			<key>name</key>
			<string>GKResizeableCropOverlayView.m</string>
			<key>path</key>
			<string>GKClasses/GKResizeableCropOverlayView.m</string>
			<key>sourceTree</key>
			<string>SOURCE_ROOT</string>
		</dict>
		<key>D6862A9216111C68005A5C5C</key>
		<dict>
			<key>fileRef</key>
			<string>D6862A9116111C68005A5C5C</string>
			<key>isa</key>
			<string>PBXBuildFile</string>
		</dict>
		<key>D696F4F816111C28007802E6</key>
		<dict>
			<key>fileEncoding</key>
			<string>4</string>
			<key>isa</key>
			<string>PBXFileReference</string>
			<key>lastKnownFileType</key>
			<string>sourcecode.c.h</string>
			<key>name</key>
			<string>GKCropBorderView.h</string>
			<key>path</key>
			<string>GKClasses/GKCropBorderView.h</string>
			<key>sourceTree</key>
			<string>SOURCE_ROOT</string>
		</dict>
		<key>D696F4F916111C28007802E6</key>
		<dict>
			<key>fileEncoding</key>
			<string>4</string>
			<key>isa</key>
			<string>PBXFileReference</string>
			<key>lastKnownFileType</key>
			<string>sourcecode.c.objc</string>
			<key>name</key>
			<string>GKCropBorderView.m</string>
			<key>path</key>
			<string>GKClasses/GKCropBorderView.m</string>
			<key>sourceTree</key>
			<string>SOURCE_ROOT</string>
		</dict>
		<key>D696F4FA16111C28007802E6</key>
		<dict>
			<key>fileRef</key>
			<string>D696F4F916111C28007802E6</string>
			<key>isa</key>
			<string>PBXBuildFile</string>
		</dict>
	</dict>
	<key>rootObject</key>
	<string>C1C7B6551598429E007B2669</string>
</dict>
</plist>
