// !$*UTF8*$!
{
	archiveVersion = 1;
	classes = {
	};
	objectVersion = 46;
	objects = {

/* Begin PBXBuildFile section */
		C12F91B71578C18C00BAEC9F /* UIKit.framework in Frameworks */ = {isa = PBXBuildFile; fileRef = C12F91B61578C18C00BAEC9F /* UIKit.framework */; };
		C12F91B91578C18C00BAEC9F /* Foundation.framework in Frameworks */ = {isa = PBXBuildFile; fileRef = C12F91B81578C18C00BAEC9F /* Foundation.framework */; };
		C12F91BB1578C18C00BAEC9F /* CoreGraphics.framework in Frameworks */ = {isa = PBXBuildFile; fileRef = C12F91BA1578C18C00BAEC9F /* CoreGraphics.framework */; };
		C12F91C11578C18C00BAEC9F /* InfoPlist.strings in Resources */ = {isa = PBXBuildFile; fileRef = C12F91BF1578C18C00BAEC9F /* InfoPlist.strings */; };
		C12F91C31578C18C00BAEC9F /* main.m in Sources */ = {isa = PBXBuildFile; fileRef = C12F91C21578C18C00BAEC9F /* main.m */; };
		C12F91C71578C18C00BAEC9F /* AppDelegate.m in Sources */ = {isa = PBXBuildFile; fileRef = C12F91C61578C18C00BAEC9F /* AppDelegate.m */; };
		C12F91CA1578C18C00BAEC9F /* ViewController.m in Sources */ = {isa = PBXBuildFile; fileRef = C12F91C91578C18C00BAEC9F /* ViewController.m */; };
		C12F91CD1578C18C00BAEC9F /* ViewController_iPhone.xib in Resources */ = {isa = PBXBuildFile; fileRef = C12F91CB1578C18C00BAEC9F /* ViewController_iPhone.xib */; };
		C12F91D01578C18C00BAEC9F /* ViewController_iPad.xib in Resources */ = {isa = PBXBuildFile; fileRef = C12F91CE1578C18C00BAEC9F /* ViewController_iPad.xib */; };
		C12F91D81578C1CE00BAEC9F /* GKImagePicker.m in Sources */ = {isa = PBXBuildFile; fileRef = C12F91D71578C1CE00BAEC9F /* GKImagePicker.m */; };
		C12F91DC1578C6B500BAEC9F /* GKImageCropViewController.m in Sources */ = {isa = PBXBuildFile; fileRef = C12F91DB1578C6B500BAEC9F /* GKImageCropViewController.m */; };
		C12F91DF1578CBE100BAEC9F /* GKImageCropView.m in Sources */ = {isa = PBXBuildFile; fileRef = C12F91DE1578CBE100BAEC9F /* GKImageCropView.m */; };
		C12F91E21578EB5000BAEC9F /* GKImageCropOverlayView.m in Sources */ = {isa = PBXBuildFile; fileRef = C12F91E11578EB4F00BAEC9F /* GKImageCropOverlayView.m */; };
		C12F91E41578F43A00BAEC9F /* QuartzCore.framework in Frameworks */ = {isa = PBXBuildFile; fileRef = C12F91E31578F43A00BAEC9F /* QuartzCore.framework */; };
		C12F91E6157917CC00BAEC9F /* Localizable.strings in Resources */ = {isa = PBXBuildFile; fileRef = C12F91E5157917CC00BAEC9F /* Localizable.strings */; };
		C1A360E51589598900C15D75 /* PLCameraSheetButton.png in Resources */ = {isa = PBXBuildFile; fileRef = C1A360E11589598900C15D75 /* PLCameraSheetButton.png */; };
		C1A360E61589598900C15D75 /* PLCameraSheetButtonPressed.png in Resources */ = {isa = PBXBuildFile; fileRef = C1A360E21589598900C15D75 /* PLCameraSheetButtonPressed.png */; };
		C1A360E71589598900C15D75 /* PLCameraSheetDoneButton.png in Resources */ = {isa = PBXBuildFile; fileRef = C1A360E31589598900C15D75 /* PLCameraSheetDoneButton.png */; };
		C1A360E81589598900C15D75 /* PLCameraSheetDoneButtonPressed.png in Resources */ = {isa = PBXBuildFile; fileRef = C1A360E41589598900C15D75 /* PLCameraSheetDoneButtonPressed.png */; };
		C1A360F115895B3200C15D75 /* PLCameraSheetButton@2x.png in Resources */ = {isa = PBXBuildFile; fileRef = C1A360ED15895B3200C15D75 /* PLCameraSheetButton@2x.png */; };
		C1A360F215895B3200C15D75 /* PLCameraSheetButtonPressed@2x.png in Resources */ = {isa = PBXBuildFile; fileRef = C1A360EE15895B3200C15D75 /* PLCameraSheetButtonPressed@2x.png */; };
		C1A360F315895B3200C15D75 /* PLCameraSheetDoneButton@2x.png in Resources */ = {isa = PBXBuildFile; fileRef = C1A360EF15895B3200C15D75 /* PLCameraSheetDoneButton@2x.png */; };
		C1A360F415895B3200C15D75 /* PLCameraSheetDoneButtonPressed@2x.png in Resources */ = {isa = PBXBuildFile; fileRef = C1A360F015895B3200C15D75 /* PLCameraSheetDoneButtonPressed@2x.png */; };
/* End PBXBuildFile section */

/* Begin PBXFileReference section */
		C12F91B21578C18C00BAEC9F /* GKImagePicker.app */ = {isa = PBXFileReference; explicitFileType = wrapper.application; includeInIndex = 0; path = GKImagePicker.app; sourceTree = BUILT_PRODUCTS_DIR; };
		C12F91B61578C18C00BAEC9F /* UIKit.framework */ = {isa = PBXFileReference; lastKnownFileType = wrapper.framework; name = UIKit.framework; path = System/Library/Frameworks/UIKit.framework; sourceTree = SDKROOT; };
		C12F91B81578C18C00BAEC9F /* Foundation.framework */ = {isa = PBXFileReference; lastKnownFileType = wrapper.framework; name = Foundation.framework; path = System/Library/Frameworks/Foundation.framework; sourceTree = SDKROOT; };
		C12F91BA1578C18C00BAEC9F /* CoreGraphics.framework */ = {isa = PBXFileReference; lastKnownFileType = wrapper.framework; name = CoreGraphics.framework; path = System/Library/Frameworks/CoreGraphics.framework; sourceTree = SDKROOT; };
		C12F91BE1578C18C00BAEC9F /* GKImagePicker-Info.plist */ = {isa = PBXFileReference; lastKnownFileType = text.plist.xml; path = "GKImagePicker-Info.plist"; sourceTree = "<group>"; };
		C12F91C01578C18C00BAEC9F /* en */ = {isa = PBXFileReference; lastKnownFileType = text.plist.strings; name = en; path = en.lproj/InfoPlist.strings; sourceTree = "<group>"; };
		C12F91C21578C18C00BAEC9F /* main.m */ = {isa = PBXFileReference; lastKnownFileType = sourcecode.c.objc; path = main.m; sourceTree = "<group>"; };
		C12F91C41578C18C00BAEC9F /* GKImagePicker-Prefix.pch */ = {isa = PBXFileReference; lastKnownFileType = sourcecode.c.h; path = "GKImagePicker-Prefix.pch"; sourceTree = "<group>"; };
		C12F91C51578C18C00BAEC9F /* AppDelegate.h */ = {isa = PBXFileReference; lastKnownFileType = sourcecode.c.h; path = AppDelegate.h; sourceTree = "<group>"; };
		C12F91C61578C18C00BAEC9F /* AppDelegate.m */ = {isa = PBXFileReference; lastKnownFileType = sourcecode.c.objc; path = AppDelegate.m; sourceTree = "<group>"; };
		C12F91C81578C18C00BAEC9F /* ViewController.h */ = {isa = PBXFileReference; lastKnownFileType = sourcecode.c.h; path = ViewController.h; sourceTree = "<group>"; };
		C12F91C91578C18C00BAEC9F /* ViewController.m */ = {isa = PBXFileReference; lastKnownFileType = sourcecode.c.objc; path = ViewController.m; sourceTree = "<group>"; };
		C12F91CC1578C18C00BAEC9F /* en */ = {isa = PBXFileReference; lastKnownFileType = file.xib; name = en; path = en.lproj/ViewController_iPhone.xib; sourceTree = "<group>"; };
		C12F91CF1578C18C00BAEC9F /* en */ = {isa = PBXFileReference; lastKnownFileType = file.xib; name = en; path = en.lproj/ViewController_iPad.xib; sourceTree = "<group>"; };
		C12F91D61578C1CE00BAEC9F /* GKImagePicker.h */ = {isa = PBXFileReference; fileEncoding = 4; lastKnownFileType = sourcecode.c.h; name = GKImagePicker.h; path = Classes/GKImagePicker.h; sourceTree = "<group>"; };
		C12F91D71578C1CE00BAEC9F /* GKImagePicker.m */ = {isa = PBXFileReference; fileEncoding = 4; lastKnownFileType = sourcecode.c.objc; name = GKImagePicker.m; path = Classes/GKImagePicker.m; sourceTree = "<group>"; };
		C12F91DA1578C6B500BAEC9F /* GKImageCropViewController.h */ = {isa = PBXFileReference; fileEncoding = 4; lastKnownFileType = sourcecode.c.h; name = GKImageCropViewController.h; path = Classes/GKImageCropViewController.h; sourceTree = "<group>"; };
		C12F91DB1578C6B500BAEC9F /* GKImageCropViewController.m */ = {isa = PBXFileReference; fileEncoding = 4; lastKnownFileType = sourcecode.c.objc; name = GKImageCropViewController.m; path = Classes/GKImageCropViewController.m; sourceTree = "<group>"; };
		C12F91DD1578CBE100BAEC9F /* GKImageCropView.h */ = {isa = PBXFileReference; fileEncoding = 4; lastKnownFileType = sourcecode.c.h; name = GKImageCropView.h; path = Classes/GKImageCropView.h; sourceTree = "<group>"; };
		C12F91DE1578CBE100BAEC9F /* GKImageCropView.m */ = {isa = PBXFileReference; fileEncoding = 4; lastKnownFileType = sourcecode.c.objc; name = GKImageCropView.m; path = Classes/GKImageCropView.m; sourceTree = "<group>"; };
		C12F91E01578EB4F00BAEC9F /* GKImageCropOverlayView.h */ = {isa = PBXFileReference; fileEncoding = 4; lastKnownFileType = sourcecode.c.h; path = GKImageCropOverlayView.h; sourceTree = "<group>"; };
		C12F91E11578EB4F00BAEC9F /* GKImageCropOverlayView.m */ = {isa = PBXFileReference; fileEncoding = 4; lastKnownFileType = sourcecode.c.objc; path = GKImageCropOverlayView.m; sourceTree = "<group>"; };
		C12F91E31578F43A00BAEC9F /* QuartzCore.framework */ = {isa = PBXFileReference; lastKnownFileType = wrapper.framework; name = QuartzCore.framework; path = System/Library/Frameworks/QuartzCore.framework; sourceTree = SDKROOT; };
		C12F91E5157917CC00BAEC9F /* Localizable.strings */ = {isa = PBXFileReference; fileEncoding = 4; lastKnownFileType = text.plist.strings; path = Localizable.strings; sourceTree = "<group>"; };
		C1A360E11589598900C15D75 /* PLCameraSheetButton.png */ = {isa = PBXFileReference; lastKnownFileType = image.png; name = PLCameraSheetButton.png; path = Classes/Images/PLCameraSheetButton.png; sourceTree = "<group>"; };
		C1A360E21589598900C15D75 /* PLCameraSheetButtonPressed.png */ = {isa = PBXFileReference; lastKnownFileType = image.png; name = PLCameraSheetButtonPressed.png; path = Classes/Images/PLCameraSheetButtonPressed.png; sourceTree = "<group>"; };
		C1A360E31589598900C15D75 /* PLCameraSheetDoneButton.png */ = {isa = PBXFileReference; lastKnownFileType = image.png; name = PLCameraSheetDoneButton.png; path = Classes/Images/PLCameraSheetDoneButton.png; sourceTree = "<group>"; };
		C1A360E41589598900C15D75 /* PLCameraSheetDoneButtonPressed.png */ = {isa = PBXFileReference; lastKnownFileType = image.png; name = PLCameraSheetDoneButtonPressed.png; path = Classes/Images/PLCameraSheetDoneButtonPressed.png; sourceTree = "<group>"; };
		C1A360ED15895B3200C15D75 /* PLCameraSheetButton@2x.png */ = {isa = PBXFileReference; lastKnownFileType = image.png; name = "PLCameraSheetButton@2x.png"; path = "Classes/Images/PLCameraSheetButton@2x.png"; sourceTree = "<group>"; };
		C1A360EE15895B3200C15D75 /* PLCameraSheetButtonPressed@2x.png */ = {isa = PBXFileReference; lastKnownFileType = image.png; name = "PLCameraSheetButtonPressed@2x.png"; path = "Classes/Images/PLCameraSheetButtonPressed@2x.png"; sourceTree = "<group>"; };
		C1A360EF15895B3200C15D75 /* PLCameraSheetDoneButton@2x.png */ = {isa = PBXFileReference; lastKnownFileType = image.png; name = "PLCameraSheetDoneButton@2x.png"; path = "Classes/Images/PLCameraSheetDoneButton@2x.png"; sourceTree = "<group>"; };
		C1A360F015895B3200C15D75 /* PLCameraSheetDoneButtonPressed@2x.png */ = {isa = PBXFileReference; lastKnownFileType = image.png; name = "PLCameraSheetDoneButtonPressed@2x.png"; path = "Classes/Images/PLCameraSheetDoneButtonPressed@2x.png"; sourceTree = "<group>"; };
/* End PBXFileReference section */

/* Begin PBXFrameworksBuildPhase section */
		C12F91AF1578C18C00BAEC9F /* Frameworks */ = {
			isa = PBXFrameworksBuildPhase;
			buildActionMask = 2147483647;
			files = (
				C12F91E41578F43A00BAEC9F /* QuartzCore.framework in Frameworks */,
				C12F91B71578C18C00BAEC9F /* UIKit.framework in Frameworks */,
				C12F91B91578C18C00BAEC9F /* Foundation.framework in Frameworks */,
				C12F91BB1578C18C00BAEC9F /* CoreGraphics.framework in Frameworks */,
			);
			runOnlyForDeploymentPostprocessing = 0;
		};
/* End PBXFrameworksBuildPhase section */

/* Begin PBXGroup section */
		C12F91A71578C18B00BAEC9F = {
			isa = PBXGroup;
			children = (
				C12F91D91578C1EB00BAEC9F /* Classes */,
				C12F91BC1578C18C00BAEC9F /* GKImagePicker */,
				C12F91B51578C18C00BAEC9F /* Frameworks */,
				C12F91B31578C18C00BAEC9F /* Products */,
			);
			sourceTree = "<group>";
		};
		C12F91B31578C18C00BAEC9F /* Products */ = {
			isa = PBXGroup;
			children = (
				C12F91B21578C18C00BAEC9F /* GKImagePicker.app */,
			);
			name = Products;
			sourceTree = "<group>";
		};
		C12F91B51578C18C00BAEC9F /* Frameworks */ = {
			isa = PBXGroup;
			children = (
				C12F91E31578F43A00BAEC9F /* QuartzCore.framework */,
				C12F91B61578C18C00BAEC9F /* UIKit.framework */,
				C12F91B81578C18C00BAEC9F /* Foundation.framework */,
				C12F91BA1578C18C00BAEC9F /* CoreGraphics.framework */,
			);
			name = Frameworks;
			sourceTree = "<group>";
		};
		C12F91BC1578C18C00BAEC9F /* GKImagePicker */ = {
			isa = PBXGroup;
			children = (
				C12F91C51578C18C00BAEC9F /* AppDelegate.h */,
				C12F91C61578C18C00BAEC9F /* AppDelegate.m */,
				C12F91C81578C18C00BAEC9F /* ViewController.h */,
				C12F91C91578C18C00BAEC9F /* ViewController.m */,
				C12F91CB1578C18C00BAEC9F /* ViewController_iPhone.xib */,
				C12F91CE1578C18C00BAEC9F /* ViewController_iPad.xib */,
				C12F91BD1578C18C00BAEC9F /* Supporting Files */,
			);
			path = GKImagePicker;
			sourceTree = "<group>";
		};
		C12F91BD1578C18C00BAEC9F /* Supporting Files */ = {
			isa = PBXGroup;
			children = (
				C12F91BE1578C18C00BAEC9F /* GKImagePicker-Info.plist */,
				C12F91BF1578C18C00BAEC9F /* InfoPlist.strings */,
				C12F91C21578C18C00BAEC9F /* main.m */,
				C12F91C41578C18C00BAEC9F /* GKImagePicker-Prefix.pch */,
				C12F91E5157917CC00BAEC9F /* Localizable.strings */,
			);
			name = "Supporting Files";
			sourceTree = "<group>";
		};
		C12F91D91578C1EB00BAEC9F /* Classes */ = {
			isa = PBXGroup;
			children = (
				C1A360DF1589597A00C15D75 /* Images */,
				C12F91D61578C1CE00BAEC9F /* GKImagePicker.h */,
				C12F91D71578C1CE00BAEC9F /* GKImagePicker.m */,
				C12F91DA1578C6B500BAEC9F /* GKImageCropViewController.h */,
				C12F91DB1578C6B500BAEC9F /* GKImageCropViewController.m */,
				C12F91DD1578CBE100BAEC9F /* GKImageCropView.h */,
				C12F91DE1578CBE100BAEC9F /* GKImageCropView.m */,
				C12F91E01578EB4F00BAEC9F /* GKImageCropOverlayView.h */,
				C12F91E11578EB4F00BAEC9F /* GKImageCropOverlayView.m */,
			);
			name = Classes;
			sourceTree = "<group>";
		};
		C1A360DF1589597A00C15D75 /* Images */ = {
			isa = PBXGroup;
			children = (
				C1A360ED15895B3200C15D75 /* PLCameraSheetButton@2x.png */,
				C1A360EE15895B3200C15D75 /* PLCameraSheetButtonPressed@2x.png */,
				C1A360EF15895B3200C15D75 /* PLCameraSheetDoneButton@2x.png */,
				C1A360F015895B3200C15D75 /* PLCameraSheetDoneButtonPressed@2x.png */,
				C1A360E11589598900C15D75 /* PLCameraSheetButton.png */,
				C1A360E21589598900C15D75 /* PLCameraSheetButtonPressed.png */,
				C1A360E31589598900C15D75 /* PLCameraSheetDoneButton.png */,
				C1A360E41589598900C15D75 /* PLCameraSheetDoneButtonPressed.png */,
			);
			name = Images;
			sourceTree = "<group>";
		};
/* End PBXGroup section */

/* Begin PBXNativeTarget section */
		C12F91B11578C18C00BAEC9F /* GKImagePicker */ = {
			isa = PBXNativeTarget;
			buildConfigurationList = C12F91D31578C18C00BAEC9F /* Build configuration list for PBXNativeTarget "GKImagePicker" */;
			buildPhases = (
				C12F91AE1578C18C00BAEC9F /* Sources */,
				C12F91AF1578C18C00BAEC9F /* Frameworks */,
				C12F91B01578C18C00BAEC9F /* Resources */,
			);
			buildRules = (
			);
			dependencies = (
			);
			name = GKImagePicker;
			productName = GKImagePicker;
			productReference = C12F91B21578C18C00BAEC9F /* GKImagePicker.app */;
			productType = "com.apple.product-type.application";
		};
/* End PBXNativeTarget section */

/* Begin PBXProject section */
		C12F91A91578C18B00BAEC9F /* Project object */ = {
			isa = PBXProject;
			attributes = {
				LastUpgradeCheck = 0430;
				ORGANIZATIONNAME = "Aurora Apps";
			};
			buildConfigurationList = C12F91AC1578C18B00BAEC9F /* Build configuration list for PBXProject "GKImagePicker" */;
			compatibilityVersion = "Xcode 3.2";
			developmentRegion = English;
			hasScannedForEncodings = 0;
			knownRegions = (
				en,
			);
			mainGroup = C12F91A71578C18B00BAEC9F;
			productRefGroup = C12F91B31578C18C00BAEC9F /* Products */;
			projectDirPath = "";
			projectRoot = "";
			targets = (
				C12F91B11578C18C00BAEC9F /* GKImagePicker */,
			);
		};
/* End PBXProject section */

/* Begin PBXResourcesBuildPhase section */
		C12F91B01578C18C00BAEC9F /* Resources */ = {
			isa = PBXResourcesBuildPhase;
			buildActionMask = 2147483647;
			files = (
				C12F91C11578C18C00BAEC9F /* InfoPlist.strings in Resources */,
				C12F91CD1578C18C00BAEC9F /* ViewController_iPhone.xib in Resources */,
				C12F91D01578C18C00BAEC9F /* ViewController_iPad.xib in Resources */,
				C12F91E6157917CC00BAEC9F /* Localizable.strings in Resources */,
				C1A360E51589598900C15D75 /* PLCameraSheetButton.png in Resources */,
				C1A360E61589598900C15D75 /* PLCameraSheetButtonPressed.png in Resources */,
				C1A360E71589598900C15D75 /* PLCameraSheetDoneButton.png in Resources */,
				C1A360E81589598900C15D75 /* PLCameraSheetDoneButtonPressed.png in Resources */,
				C1A360F115895B3200C15D75 /* PLCameraSheetButton@2x.png in Resources */,
				C1A360F215895B3200C15D75 /* PLCameraSheetButtonPressed@2x.png in Resources */,
				C1A360F315895B3200C15D75 /* PLCameraSheetDoneButton@2x.png in Resources */,
				C1A360F415895B3200C15D75 /* PLCameraSheetDoneButtonPressed@2x.png in Resources */,
			);
			runOnlyForDeploymentPostprocessing = 0;
		};
/* End PBXResourcesBuildPhase section */

/* Begin PBXSourcesBuildPhase section */
		C12F91AE1578C18C00BAEC9F /* Sources */ = {
			isa = PBXSourcesBuildPhase;
			buildActionMask = 2147483647;
			files = (
				C12F91C31578C18C00BAEC9F /* main.m in Sources */,
				C12F91C71578C18C00BAEC9F /* AppDelegate.m in Sources */,
				C12F91CA1578C18C00BAEC9F /* ViewController.m in Sources */,
				C12F91D81578C1CE00BAEC9F /* GKImagePicker.m in Sources */,
				C12F91DC1578C6B500BAEC9F /* GKImageCropViewController.m in Sources */,
				C12F91DF1578CBE100BAEC9F /* GKImageCropView.m in Sources */,
				C12F91E21578EB5000BAEC9F /* GKImageCropOverlayView.m in Sources */,
			);
			runOnlyForDeploymentPostprocessing = 0;
		};
/* End PBXSourcesBuildPhase section */

/* Begin PBXVariantGroup section */
		C12F91BF1578C18C00BAEC9F /* InfoPlist.strings */ = {
			isa = PBXVariantGroup;
			children = (
				C12F91C01578C18C00BAEC9F /* en */,
			);
			name = InfoPlist.strings;
			sourceTree = "<group>";
		};
		C12F91CB1578C18C00BAEC9F /* ViewController_iPhone.xib */ = {
			isa = PBXVariantGroup;
			children = (
				C12F91CC1578C18C00BAEC9F /* en */,
			);
			name = ViewController_iPhone.xib;
			sourceTree = "<group>";
		};
		C12F91CE1578C18C00BAEC9F /* ViewController_iPad.xib */ = {
			isa = PBXVariantGroup;
			children = (
				C12F91CF1578C18C00BAEC9F /* en */,
			);
			name = ViewController_iPad.xib;
			sourceTree = "<group>";
		};
/* End PBXVariantGroup section */

/* Begin XCBuildConfiguration section */
		C12F91D11578C18C00BAEC9F /* Debug */ = {
			isa = XCBuildConfiguration;
			buildSettings = {
				ALWAYS_SEARCH_USER_PATHS = NO;
				ARCHS = "$(ARCHS_STANDARD_32_BIT)";
				CLANG_ENABLE_OBJC_ARC = YES;
				"CODE_SIGN_IDENTITY[sdk=iphoneos*]" = "iPhone Developer";
				COPY_PHASE_STRIP = NO;
				GCC_C_LANGUAGE_STANDARD = gnu99;
				GCC_DYNAMIC_NO_PIC = NO;
				GCC_OPTIMIZATION_LEVEL = 0;
				GCC_PREPROCESSOR_DEFINITIONS = (
					"DEBUG=1",
					"$(inherited)",
				);
				GCC_SYMBOLS_PRIVATE_EXTERN = NO;
				GCC_VERSION = com.apple.compilers.llvm.clang.1_0;
				GCC_WARN_ABOUT_RETURN_TYPE = YES;
				GCC_WARN_UNINITIALIZED_AUTOS = YES;
				GCC_WARN_UNUSED_VARIABLE = YES;
				IPHONEOS_DEPLOYMENT_TARGET = 5.1;
				SDKROOT = iphoneos;
				TARGETED_DEVICE_FAMILY = "1,2";
			};
			name = Debug;
		};
		C12F91D21578C18C00BAEC9F /* Release */ = {
			isa = XCBuildConfiguration;
			buildSettings = {
				ALWAYS_SEARCH_USER_PATHS = NO;
				ARCHS = "$(ARCHS_STANDARD_32_BIT)";
				CLANG_ENABLE_OBJC_ARC = YES;
				"CODE_SIGN_IDENTITY[sdk=iphoneos*]" = "iPhone Developer";
				COPY_PHASE_STRIP = YES;
				GCC_C_LANGUAGE_STANDARD = gnu99;
				GCC_VERSION = com.apple.compilers.llvm.clang.1_0;
				GCC_WARN_ABOUT_RETURN_TYPE = YES;
				GCC_WARN_UNINITIALIZED_AUTOS = YES;
				GCC_WARN_UNUSED_VARIABLE = YES;
				IPHONEOS_DEPLOYMENT_TARGET = 5.1;
				OTHER_CFLAGS = "-DNS_BLOCK_ASSERTIONS=1";
				SDKROOT = iphoneos;
				TARGETED_DEVICE_FAMILY = "1,2";
				VALIDATE_PRODUCT = YES;
			};
			name = Release;
		};
		C12F91D41578C18C00BAEC9F /* Debug */ = {
			isa = XCBuildConfiguration;
			buildSettings = {
				GCC_PRECOMPILE_PREFIX_HEADER = YES;
				GCC_PREFIX_HEADER = "GKImagePicker/GKImagePicker-Prefix.pch";
				INFOPLIST_FILE = "GKImagePicker/GKImagePicker-Info.plist";
				PRODUCT_NAME = "$(TARGET_NAME)";
				WRAPPER_EXTENSION = app;
			};
			name = Debug;
		};
		C12F91D51578C18C00BAEC9F /* Release */ = {
			isa = XCBuildConfiguration;
			buildSettings = {
				GCC_PRECOMPILE_PREFIX_HEADER = YES;
				GCC_PREFIX_HEADER = "GKImagePicker/GKImagePicker-Prefix.pch";
				INFOPLIST_FILE = "GKImagePicker/GKImagePicker-Info.plist";
				PRODUCT_NAME = "$(TARGET_NAME)";
				WRAPPER_EXTENSION = app;
			};
			name = Release;
		};
/* End XCBuildConfiguration section */

/* Begin XCConfigurationList section */
		C12F91AC1578C18B00BAEC9F /* Build configuration list for PBXProject "GKImagePicker" */ = {
			isa = XCConfigurationList;
			buildConfigurations = (
				C12F91D11578C18C00BAEC9F /* Debug */,
				C12F91D21578C18C00BAEC9F /* Release */,
			);
			defaultConfigurationIsVisible = 0;
			defaultConfigurationName = Release;
		};
		C12F91D31578C18C00BAEC9F /* Build configuration list for PBXNativeTarget "GKImagePicker" */ = {
			isa = XCConfigurationList;
			buildConfigurations = (
				C12F91D41578C18C00BAEC9F /* Debug */,
				C12F91D51578C18C00BAEC9F /* Release */,
			);
			defaultConfigurationIsVisible = 0;
			defaultConfigurationName = Release;
		};
/* End XCConfigurationList section */
	};
	rootObject = C12F91A91578C18B00BAEC9F /* Project object */;
}
